
Microsoft Visual Studio Solution File, Format Version 12.00
# Visual Studio Version 16
VisualStudioVersion = 16.0.31205.134
MinimumVisualStudioVersion = 10.0.40219.1
Project("{9A19103F-16F7-4668-BE54-9A1E7A4F7556}") = "floating_island", "floating_island\floating_island.csproj", "{F425FDB4-CE7E-48A0-8FF0-07EBE43EDBBE}"
EndProject
Global
	GlobalSection(SolutionConfigurationPlatforms) = preSolution
		Debug|Any CPU = Debug|Any CPU
		Release|Any CPU = Release|Any CPU
	EndGlobalSection
	GlobalSection(ProjectConfigurationPlatforms) = postSolution
		{F425FDB4-CE7E-48A0-8FF0-07EBE43EDBBE}.Debug|Any CPU.ActiveCfg = Debug|Any CPU
		{F425FDB4-CE7E-48A0-8FF0-07EBE43EDBBE}.Debug|Any CPU.Build.0 = Debug|Any CPU
		{F425FDB4-CE7E-48A0-8FF0-07EBE43EDBBE}.Release|Any CPU.ActiveCfg = Release|Any CPU
		{F425FDB4-CE7E-48A0-8FF0-07EBE43EDBBE}.Release|Any CPU.Build.0 = Release|Any CPU
	EndGlobalSection
	GlobalSection(SolutionProperties) = preSolution
		HideSolutionNode = FALSE
	EndGlobalSection
	GlobalSection(ExtensibilityGlobals) = postSolution
		SolutionGuid = {DDE0755C-BDE0-4802-B4E2-B8E61F8E12D3}
	EndGlobalSection
EndGlobal
